
Microsoft Visual Studio Solution File, Format Version 12.00
# Visual Studio Version 16
VisualStudioVersion = 25.0.1700.0
MinimumVisualStudioVersion = 10.0.40219.1
Project("{FAE04EC0-301F-11D3-BF4B-00C04F79EFBC}") = "MyFinance", "MyFinance\MyFinance.csproj", "{50DA0257-7472-4066-9038-B3D9CC26B81F}"
EndProject
Global
	GlobalSection(SolutionConfigurationPlatforms) = preSolution
		Debug|Any CPU = Debug|Any CPU
		Release|Any CPU = Release|Any CPU
	EndGlobalSection
	GlobalSection(ProjectConfigurationPlatforms) = postSolution
		{50DA0257-7472-4066-9038-B3D9CC26B81F}.Debug|Any CPU.ActiveCfg = Debug|Any CPU
		{50DA0257-7472-4066-9038-B3D9CC26B81F}.Debug|Any CPU.Build.0 = Debug|Any CPU
		{50DA0257-7472-4066-9038-B3D9CC26B81F}.Release|Any CPU.ActiveCfg = Release|Any CPU
		{50DA0257-7472-4066-9038-B3D9CC26B81F}.Release|Any CPU.Build.0 = Release|Any CPU
	EndGlobalSection
	GlobalSection(SolutionProperties) = preSolution
		HideSolutionNode = FALSE
	EndGlobalSection
	GlobalSection(ExtensibilityGlobals) = postSolution
		SolutionGuid = {2DA105A7-AEE0-4D0A-914A-6C37B8A342D7}
	EndGlobalSection
EndGlobal
